// !$*UTF8*$!
{
	archiveVersion = 1;
	classes = {
	};
	objectVersion = 46;
	objects = {

/* Begin PBXBuildFile section */
		4417362D1B570BD500C984B5 /* LICENSE.TXT in Resources */ = {isa = PBXBuildFile; fileRef = 4417362C1B570BD500C984B5 /* LICENSE.TXT */; };
		441736301B579EB700C984B5 /* DeleteFileViewController.m in Sources */ = {isa = PBXBuildFile; fileRef = 4417362F1B579EB700C984B5 /* DeleteFileViewController.m */; };
		441736331B579EDA00C984B5 /* ViewArticleViewController.m in Sources */ = {isa = PBXBuildFile; fileRef = 441736321B579EDA00C984B5 /* ViewArticleViewController.m */; };
		442BFDA61BFA4784009A2AA4 /* NotifyViewController.m in Sources */ = {isa = PBXBuildFile; fileRef = 442BFDA51BFA4784009A2AA4 /* NotifyViewController.m */; };
		444511BF1B5417EB008B7E13 /* AAPLRootListViewController.m in Sources */ = {isa = PBXBuildFile; fileRef = 444511BE1B5417EB008B7E13 /* AAPLRootListViewController.m */; };
		444511C21B541935008B7E13 /* AAPLAssetGridViewController.m in Sources */ = {isa = PBXBuildFile; fileRef = 444511C11B541935008B7E13 /* AAPLAssetGridViewController.m */; };
		444511C51B541A7C008B7E13 /* AAPLAssetViewController.m in Sources */ = {isa = PBXBuildFile; fileRef = 444511C41B541A7C008B7E13 /* AAPLAssetViewController.m */; };
		444511C81B541D63008B7E13 /* AAPLGridViewCell.m in Sources */ = {isa = PBXBuildFile; fileRef = 444511C71B541D63008B7E13 /* AAPLGridViewCell.m */; };
		44511BD51B56B6670002A3CF /* DownloadPicturesViewController.m in Sources */ = {isa = PBXBuildFile; fileRef = 44511BD41B56B6670002A3CF /* DownloadPicturesViewController.m */; };
		44511BD81B56D8380002A3CF /* D8iOSUISplitViewController.m in Sources */ = {isa = PBXBuildFile; fileRef = 44511BD71B56D8380002A3CF /* D8iOSUISplitViewController.m */; };
		44511BDD1B56FF7B0002A3CF /* ViewArticlesTableViewController.m in Sources */ = {isa = PBXBuildFile; fileRef = 44511BDC1B56FF7B0002A3CF /* ViewArticlesTableViewController.m */; };
		44511BE01B56FFE20002A3CF /* DownloadPictureViewController.m in Sources */ = {isa = PBXBuildFile; fileRef = 44511BDF1B56FFE20002A3CF /* DownloadPictureViewController.m */; };
		44B8AF921BD4A4CA00CB17CE /* SetUpForDemo.m in Sources */ = {isa = PBXBuildFile; fileRef = 44B8AF911BD4A4CA00CB17CE /* SetUpForDemo.m */; };
		44CF1DE81B51D97C00FC66EE /* main.m in Sources */ = {isa = PBXBuildFile; fileRef = 44CF1DE71B51D97C00FC66EE /* main.m */; };
		44CF1DEB1B51D97C00FC66EE /* AppDelegate.m in Sources */ = {isa = PBXBuildFile; fileRef = 44CF1DEA1B51D97C00FC66EE /* AppDelegate.m */; };
		44CF1DEE1B51D97C00FC66EE /* MasterViewController.m in Sources */ = {isa = PBXBuildFile; fileRef = 44CF1DED1B51D97C00FC66EE /* MasterViewController.m */; };
		44CF1DF11B51D97C00FC66EE /* DetailViewController.m in Sources */ = {isa = PBXBuildFile; fileRef = 44CF1DF01B51D97C00FC66EE /* DetailViewController.m */; };
		44CF1DF41B51D97C00FC66EE /* Main.storyboard in Resources */ = {isa = PBXBuildFile; fileRef = 44CF1DF21B51D97C00FC66EE /* Main.storyboard */; };
		44CF1DF61B51D97C00FC66EE /* Images.xcassets in Resources */ = {isa = PBXBuildFile; fileRef = 44CF1DF51B51D97C00FC66EE /* Images.xcassets */; };
		44CF1DF91B51D97C00FC66EE /* LaunchScreen.xib in Resources */ = {isa = PBXBuildFile; fileRef = 44CF1DF71B51D97C00FC66EE /* LaunchScreen.xib */; };
		44CF1E051B51D97C00FC66EE /* Drupal8iOSTests.m in Sources */ = {isa = PBXBuildFile; fileRef = 44CF1E041B51D97C00FC66EE /* Drupal8iOSTests.m */; };
		44CF1E101B51EAA700FC66EE /* SpecifyDrupalSiteViewController.m in Sources */ = {isa = PBXBuildFile; fileRef = 44CF1E0F1B51EAA700FC66EE /* SpecifyDrupalSiteViewController.m */; };
		44CF1E131B523D5400FC66EE /* SetupDrupalAccountViewController.m in Sources */ = {isa = PBXBuildFile; fileRef = 44CF1E121B523D5400FC66EE /* SetupDrupalAccountViewController.m */; };
		44CF1E161B524BA000FC66EE /* LoginViewController.m in Sources */ = {isa = PBXBuildFile; fileRef = 44CF1E151B524BA000FC66EE /* LoginViewController.m */; };
		44CF1E191B524E2700FC66EE /* LogoutViewController.m in Sources */ = {isa = PBXBuildFile; fileRef = 44CF1E181B524E2700FC66EE /* LogoutViewController.m */; };
		44CF1E1C1B5251FB00FC66EE /* ManageUserAccountViewController.m in Sources */ = {isa = PBXBuildFile; fileRef = 44CF1E1B1B5251FB00FC66EE /* ManageUserAccountViewController.m */; };
		44CF1E251B52619100FC66EE /* UploadFileViewController.m in Sources */ = {isa = PBXBuildFile; fileRef = 44CF1E241B52619100FC66EE /* UploadFileViewController.m */; };
		44E22EDC1BD1D53E00B4BC69 /* D8iOS.m in Sources */ = {isa = PBXBuildFile; fileRef = 44E22EDB1BD1D53E00B4BC69 /* D8iOS.m */; };
		CF0A72711BB809C400300569 /* AddCommentViewController.m in Sources */ = {isa = PBXBuildFile; fileRef = CF0A72701BB809C400300569 /* AddCommentViewController.m */; };
		CF195B111B84778F00003A2B /* FileJSON.m in Sources */ = {isa = PBXBuildFile; fileRef = CF195B101B84778F00003A2B /* FileJSON.m */; };
		CF195B141B847AD400003A2B /* FileDetailsTableViewCell.m in Sources */ = {isa = PBXBuildFile; fileRef = CF195B131B847AD400003A2B /* FileDetailsTableViewCell.m */; };
		CF1A32671BAF38EB0080E8A5 /* CommentTableViewCell.m in Sources */ = {isa = PBXBuildFile; fileRef = CF1A32661BAF38EB0080E8A5 /* CommentTableViewCell.m */; };
		CF38A2181BB051550035D321 /* CommentsTableViewController.m in Sources */ = {isa = PBXBuildFile; fileRef = CF38A2171BB051550035D321 /* CommentsTableViewController.m */; };
		CF38A21B1BB054D30035D321 /* Comment.m in Sources */ = {isa = PBXBuildFile; fileRef = CF38A21A1BB054D30035D321 /* Comment.m */; };
		CF46F3BC1B9B460200E5D9AC /* NJOPasswordStrengthEvaluator.m in Sources */ = {isa = PBXBuildFile; fileRef = CF46F3BB1B9B460100E5D9AC /* NJOPasswordStrengthEvaluator.m */; };
		CF47B1E01B69F6ED00B7BDF3 /* SGKeychain.m in Sources */ = {isa = PBXBuildFile; fileRef = CF47B1DF1B69F6ED00B7BDF3 /* SGKeychain.m */; };
		CF553CB51B695A2E00B2D6D8 /* User.m in Sources */ = {isa = PBXBuildFile; fileRef = CF553CB41B695A2E00B2D6D8 /* User.m */; };
		CF56A0681B86F33D00B45A83 /* DownloadFilesViewController.m in Sources */ = {isa = PBXBuildFile; fileRef = CF56A0671B86F33D00B45A83 /* DownloadFilesViewController.m */; };
		CF56A06B1B86F3A100B45A83 /* DownloadFileTableViewCell.m in Sources */ = {isa = PBXBuildFile; fileRef = CF56A06A1B86F3A100B45A83 /* DownloadFileTableViewCell.m */; };
		CF65993B1B5BA536000AC0D7 /* Article.m in Sources */ = {isa = PBXBuildFile; fileRef = CF65993A1B5BA536000AC0D7 /* Article.m */; };
		CF65993E1B5BA5A7000AC0D7 /* JSONModel.m in Sources */ = {isa = PBXBuildFile; fileRef = CF65993D1B5BA5A7000AC0D7 /* JSONModel.m */; };
		CFA9E7A31B7D1BCF00390843 /* UIKit.framework in Frameworks */ = {isa = PBXBuildFile; fileRef = CFA9E7A21B7D1BCF00390843 /* UIKit.framework */; };
		CFA9E7A61B7D1C8900390843 /* MBProgressHUD.m in Sources */ = {isa = PBXBuildFile; fileRef = CFA9E7A51B7D1C8900390843 /* MBProgressHUD.m */; };
		CFA9E7AA1B7D212600390843 /* 37x-Checkmark.png in Resources */ = {isa = PBXBuildFile; fileRef = CFA9E7A81B7D212600390843 /* 37x-Checkmark.png */; };
		CFA9E7AB1B7D212600390843 /* 37x-Checkmark@2x.png in Resources */ = {isa = PBXBuildFile; fileRef = CFA9E7A91B7D212600390843 /* 37x-Checkmark@2x.png */; };
		CFE608161B580F550038F4E4 /* drupal 8 logo CMYK 72.png in Resources */ = {isa = PBXBuildFile; fileRef = CFE608111B580F550038F4E4 /* drupal 8 logo CMYK 72.png */; };
		CFE608171B580F550038F4E4 /* Testfile1.txt in Resources */ = {isa = PBXBuildFile; fileRef = CFE608121B580F550038F4E4 /* Testfile1.txt */; };
		CFE608181B580F550038F4E4 /* Testfile2.txt in Resources */ = {isa = PBXBuildFile; fileRef = CFE608131B580F550038F4E4 /* Testfile2.txt */; };
		CFE608191B580F550038F4E4 /* Testfile3.txt in Resources */ = {isa = PBXBuildFile; fileRef = CFE608141B580F550038F4E4 /* Testfile3.txt */; };
		CFE6081A1B580F550038F4E4 /* Testfile4.txt in Resources */ = {isa = PBXBuildFile; fileRef = CFE608151B580F550038F4E4 /* Testfile4.txt */; };
		F5C84548F410DE342F4EE592 /* libPods.a in Frameworks */ = {isa = PBXBuildFile; fileRef = A6EA9BB3BED6B0F02536D693 /* libPods.a */; };
/* End PBXBuildFile section */

/* Begin PBXContainerItemProxy section */
		44CF1DFF1B51D97C00FC66EE /* PBXContainerItemProxy */ = {
			isa = PBXContainerItemProxy;
			containerPortal = 44CF1DDA1B51D97B00FC66EE /* Project object */;
			proxyType = 1;
			remoteGlobalIDString = 44CF1DE11B51D97B00FC66EE;
			remoteInfo = Drupal8iOS;
		};
/* End PBXContainerItemProxy section */

/* Begin PBXFileReference section */
		4417362C1B570BD500C984B5 /* LICENSE.TXT */ = {isa = PBXFileReference; fileEncoding = 4; lastKnownFileType = text; path = LICENSE.TXT; sourceTree = "<group>"; };
		4417362E1B579EAA00C984B5 /* DeleteFileViewController.h */ = {isa = PBXFileReference; fileEncoding = 4; lastKnownFileType = sourcecode.c.h; path = DeleteFileViewController.h; sourceTree = "<group>"; };
		4417362F1B579EB700C984B5 /* DeleteFileViewController.m */ = {isa = PBXFileReference; fileEncoding = 4; lastKnownFileType = sourcecode.c.objc; path = DeleteFileViewController.m; sourceTree = "<group>"; };
		441736311B579ECA00C984B5 /* ViewArticleViewController.h */ = {isa = PBXFileReference; fileEncoding = 4; lastKnownFileType = sourcecode.c.h; path = ViewArticleViewController.h; sourceTree = "<group>"; };
		441736321B579EDA00C984B5 /* ViewArticleViewController.m */ = {isa = PBXFileReference; fileEncoding = 4; lastKnownFileType = sourcecode.c.objc; path = ViewArticleViewController.m; sourceTree = "<group>"; };
		442BFDA41BFA4784009A2AA4 /* NotifyViewController.h */ = {isa = PBXFileReference; fileEncoding = 4; lastKnownFileType = sourcecode.c.h; path = NotifyViewController.h; sourceTree = "<group>"; };
		442BFDA51BFA4784009A2AA4 /* NotifyViewController.m */ = {isa = PBXFileReference; fileEncoding = 4; lastKnownFileType = sourcecode.c.objc; path = NotifyViewController.m; sourceTree = "<group>"; };
		444511BD1B5417EB008B7E13 /* AAPLRootListViewController.h */ = {isa = PBXFileReference; fileEncoding = 4; lastKnownFileType = sourcecode.c.h; path = AAPLRootListViewController.h; sourceTree = "<group>"; };
		444511BE1B5417EB008B7E13 /* AAPLRootListViewController.m */ = {isa = PBXFileReference; fileEncoding = 4; lastKnownFileType = sourcecode.c.objc; path = AAPLRootListViewController.m; sourceTree = "<group>"; };
		444511C01B541935008B7E13 /* AAPLAssetGridViewController.h */ = {isa = PBXFileReference; fileEncoding = 4; lastKnownFileType = sourcecode.c.h; path = AAPLAssetGridViewController.h; sourceTree = "<group>"; };
		444511C11B541935008B7E13 /* AAPLAssetGridViewController.m */ = {isa = PBXFileReference; fileEncoding = 4; lastKnownFileType = sourcecode.c.objc; path = AAPLAssetGridViewController.m; sourceTree = "<group>"; };
		444511C31B541A7C008B7E13 /* AAPLAssetViewController.h */ = {isa = PBXFileReference; fileEncoding = 4; lastKnownFileType = sourcecode.c.h; path = AAPLAssetViewController.h; sourceTree = "<group>"; };
		444511C41B541A7C008B7E13 /* AAPLAssetViewController.m */ = {isa = PBXFileReference; fileEncoding = 4; lastKnownFileType = sourcecode.c.objc; path = AAPLAssetViewController.m; sourceTree = "<group>"; };
		444511C61B541D63008B7E13 /* AAPLGridViewCell.h */ = {isa = PBXFileReference; fileEncoding = 4; lastKnownFileType = sourcecode.c.h; path = AAPLGridViewCell.h; sourceTree = "<group>"; };
		444511C71B541D63008B7E13 /* AAPLGridViewCell.m */ = {isa = PBXFileReference; fileEncoding = 4; lastKnownFileType = sourcecode.c.objc; path = AAPLGridViewCell.m; sourceTree = "<group>"; };
		44511BD31B56B6670002A3CF /* DownloadPicturesViewController.h */ = {isa = PBXFileReference; fileEncoding = 4; lastKnownFileType = sourcecode.c.h; path = DownloadPicturesViewController.h; sourceTree = "<group>"; };
		44511BD41B56B6670002A3CF /* DownloadPicturesViewController.m */ = {isa = PBXFileReference; fileEncoding = 4; lastKnownFileType = sourcecode.c.objc; path = DownloadPicturesViewController.m; sourceTree = "<group>"; };
		44511BD61B56D8380002A3CF /* D8iOSUISplitViewController.h */ = {isa = PBXFileReference; fileEncoding = 4; lastKnownFileType = sourcecode.c.h; path = D8iOSUISplitViewController.h; sourceTree = "<group>"; };
		44511BD71B56D8380002A3CF /* D8iOSUISplitViewController.m */ = {isa = PBXFileReference; fileEncoding = 4; lastKnownFileType = sourcecode.c.objc; path = D8iOSUISplitViewController.m; sourceTree = "<group>"; };
		44511BDA1B56E8440002A3CF /* Developer.h */ = {isa = PBXFileReference; lastKnownFileType = sourcecode.c.h; path = Developer.h; sourceTree = "<group>"; };
		44511BDB1B56FF7B0002A3CF /* ViewArticlesTableViewController.h */ = {isa = PBXFileReference; fileEncoding = 4; lastKnownFileType = sourcecode.c.h; path = ViewArticlesTableViewController.h; sourceTree = "<group>"; };
		44511BDC1B56FF7B0002A3CF /* ViewArticlesTableViewController.m */ = {isa = PBXFileReference; fileEncoding = 4; lastKnownFileType = sourcecode.c.objc; path = ViewArticlesTableViewController.m; sourceTree = "<group>"; };
		44511BDE1B56FFE20002A3CF /* DownloadPictureViewController.h */ = {isa = PBXFileReference; fileEncoding = 4; lastKnownFileType = sourcecode.c.h; path = DownloadPictureViewController.h; sourceTree = "<group>"; };
		44511BDF1B56FFE20002A3CF /* DownloadPictureViewController.m */ = {isa = PBXFileReference; fileEncoding = 4; lastKnownFileType = sourcecode.c.objc; path = DownloadPictureViewController.m; sourceTree = "<group>"; };
		44B8AF901BD4A4CA00CB17CE /* SetUpForDemo.h */ = {isa = PBXFileReference; fileEncoding = 4; lastKnownFileType = sourcecode.c.h; path = SetUpForDemo.h; sourceTree = "<group>"; };
		44B8AF911BD4A4CA00CB17CE /* SetUpForDemo.m */ = {isa = PBXFileReference; fileEncoding = 4; lastKnownFileType = sourcecode.c.objc; path = SetUpForDemo.m; sourceTree = "<group>"; };
		44CF1DE21B51D97B00FC66EE /* Drupal8iOS.app */ = {isa = PBXFileReference; explicitFileType = wrapper.application; includeInIndex = 0; path = Drupal8iOS.app; sourceTree = BUILT_PRODUCTS_DIR; };
		44CF1DE61B51D97B00FC66EE /* Info.plist */ = {isa = PBXFileReference; lastKnownFileType = text.plist.xml; path = Info.plist; sourceTree = "<group>"; };
		44CF1DE71B51D97C00FC66EE /* main.m */ = {isa = PBXFileReference; lastKnownFileType = sourcecode.c.objc; path = main.m; sourceTree = "<group>"; };
		44CF1DE91B51D97C00FC66EE /* AppDelegate.h */ = {isa = PBXFileReference; lastKnownFileType = sourcecode.c.h; path = AppDelegate.h; sourceTree = "<group>"; };
		44CF1DEA1B51D97C00FC66EE /* AppDelegate.m */ = {isa = PBXFileReference; lastKnownFileType = sourcecode.c.objc; path = AppDelegate.m; sourceTree = "<group>"; };
		44CF1DEC1B51D97C00FC66EE /* MasterViewController.h */ = {isa = PBXFileReference; lastKnownFileType = sourcecode.c.h; path = MasterViewController.h; sourceTree = "<group>"; };
		44CF1DED1B51D97C00FC66EE /* MasterViewController.m */ = {isa = PBXFileReference; lastKnownFileType = sourcecode.c.objc; path = MasterViewController.m; sourceTree = "<group>"; };
		44CF1DEF1B51D97C00FC66EE /* DetailViewController.h */ = {isa = PBXFileReference; lastKnownFileType = sourcecode.c.h; path = DetailViewController.h; sourceTree = "<group>"; };
		44CF1DF01B51D97C00FC66EE /* DetailViewController.m */ = {isa = PBXFileReference; lastKnownFileType = sourcecode.c.objc; path = DetailViewController.m; sourceTree = "<group>"; };
		44CF1DF31B51D97C00FC66EE /* Base */ = {isa = PBXFileReference; lastKnownFileType = file.storyboard; name = Base; path = Base.lproj/Main.storyboard; sourceTree = "<group>"; };
		44CF1DF51B51D97C00FC66EE /* Images.xcassets */ = {isa = PBXFileReference; lastKnownFileType = folder.assetcatalog; path = Images.xcassets; sourceTree = "<group>"; };
		44CF1DF81B51D97C00FC66EE /* Base */ = {isa = PBXFileReference; lastKnownFileType = file.xib; name = Base; path = Base.lproj/LaunchScreen.xib; sourceTree = "<group>"; };
		44CF1DFE1B51D97C00FC66EE /* Drupal8iOSTests.xctest */ = {isa = PBXFileReference; explicitFileType = wrapper.cfbundle; includeInIndex = 0; path = Drupal8iOSTests.xctest; sourceTree = BUILT_PRODUCTS_DIR; };
		44CF1E031B51D97C00FC66EE /* Info.plist */ = {isa = PBXFileReference; lastKnownFileType = text.plist.xml; path = Info.plist; sourceTree = "<group>"; };
		44CF1E041B51D97C00FC66EE /* Drupal8iOSTests.m */ = {isa = PBXFileReference; lastKnownFileType = sourcecode.c.objc; path = Drupal8iOSTests.m; sourceTree = "<group>"; };
		44CF1E0E1B51EAA700FC66EE /* SpecifyDrupalSiteViewController.h */ = {isa = PBXFileReference; fileEncoding = 4; lastKnownFileType = sourcecode.c.h; path = SpecifyDrupalSiteViewController.h; sourceTree = "<group>"; };
		44CF1E0F1B51EAA700FC66EE /* SpecifyDrupalSiteViewController.m */ = {isa = PBXFileReference; fileEncoding = 4; lastKnownFileType = sourcecode.c.objc; path = SpecifyDrupalSiteViewController.m; sourceTree = "<group>"; };
		44CF1E111B523D5400FC66EE /* SetupDrupalAccountViewController.h */ = {isa = PBXFileReference; fileEncoding = 4; lastKnownFileType = sourcecode.c.h; path = SetupDrupalAccountViewController.h; sourceTree = "<group>"; };
		44CF1E121B523D5400FC66EE /* SetupDrupalAccountViewController.m */ = {isa = PBXFileReference; fileEncoding = 4; lastKnownFileType = sourcecode.c.objc; path = SetupDrupalAccountViewController.m; sourceTree = "<group>"; };
		44CF1E141B524BA000FC66EE /* LoginViewController.h */ = {isa = PBXFileReference; fileEncoding = 4; lastKnownFileType = sourcecode.c.h; path = LoginViewController.h; sourceTree = "<group>"; };
		44CF1E151B524BA000FC66EE /* LoginViewController.m */ = {isa = PBXFileReference; fileEncoding = 4; lastKnownFileType = sourcecode.c.objc; path = LoginViewController.m; sourceTree = "<group>"; };
		44CF1E171B524E2700FC66EE /* LogoutViewController.h */ = {isa = PBXFileReference; fileEncoding = 4; lastKnownFileType = sourcecode.c.h; path = LogoutViewController.h; sourceTree = "<group>"; };
		44CF1E181B524E2700FC66EE /* LogoutViewController.m */ = {isa = PBXFileReference; fileEncoding = 4; lastKnownFileType = sourcecode.c.objc; path = LogoutViewController.m; sourceTree = "<group>"; };
		44CF1E1A1B5251FB00FC66EE /* ManageUserAccountViewController.h */ = {isa = PBXFileReference; fileEncoding = 4; lastKnownFileType = sourcecode.c.h; path = ManageUserAccountViewController.h; sourceTree = "<group>"; };
		44CF1E1B1B5251FB00FC66EE /* ManageUserAccountViewController.m */ = {isa = PBXFileReference; fileEncoding = 4; lastKnownFileType = sourcecode.c.objc; path = ManageUserAccountViewController.m; sourceTree = "<group>"; };
		44CF1E231B52619100FC66EE /* UploadFileViewController.h */ = {isa = PBXFileReference; fileEncoding = 4; lastKnownFileType = sourcecode.c.h; path = UploadFileViewController.h; sourceTree = "<group>"; };
		44CF1E241B52619100FC66EE /* UploadFileViewController.m */ = {isa = PBXFileReference; fileEncoding = 4; lastKnownFileType = sourcecode.c.objc; path = UploadFileViewController.m; sourceTree = "<group>"; };
		44E22EDA1BD1D53E00B4BC69 /* D8iOS.h */ = {isa = PBXFileReference; fileEncoding = 4; lastKnownFileType = sourcecode.c.h; path = D8iOS.h; sourceTree = "<group>"; };
		44E22EDB1BD1D53E00B4BC69 /* D8iOS.m */ = {isa = PBXFileReference; fileEncoding = 4; lastKnownFileType = sourcecode.c.objc; path = D8iOS.m; sourceTree = "<group>"; };
		54A7EB5376FDEF676FC354FE /* Pods.release.xcconfig */ = {isa = PBXFileReference; includeInIndex = 1; lastKnownFileType = text.xcconfig; name = Pods.release.xcconfig; path = "Pods/Target Support Files/Pods/Pods.release.xcconfig"; sourceTree = "<group>"; };
		779ED5E60D48423481D03CDC /* Pods.debug.xcconfig */ = {isa = PBXFileReference; includeInIndex = 1; lastKnownFileType = text.xcconfig; name = Pods.debug.xcconfig; path = "Pods/Target Support Files/Pods/Pods.debug.xcconfig"; sourceTree = "<group>"; };
		A6EA9BB3BED6B0F02536D693 /* libPods.a */ = {isa = PBXFileReference; explicitFileType = archive.ar; includeInIndex = 0; path = libPods.a; sourceTree = BUILT_PRODUCTS_DIR; };
		CF0A726F1BB809C400300569 /* AddCommentViewController.h */ = {isa = PBXFileReference; fileEncoding = 4; lastKnownFileType = sourcecode.c.h; path = AddCommentViewController.h; sourceTree = "<group>"; };
		CF0A72701BB809C400300569 /* AddCommentViewController.m */ = {isa = PBXFileReference; fileEncoding = 4; lastKnownFileType = sourcecode.c.objc; path = AddCommentViewController.m; sourceTree = "<group>"; };
		CF195B0F1B84778F00003A2B /* FileJSON.h */ = {isa = PBXFileReference; fileEncoding = 4; lastKnownFileType = sourcecode.c.h; path = FileJSON.h; sourceTree = "<group>"; };
		CF195B101B84778F00003A2B /* FileJSON.m */ = {isa = PBXFileReference; fileEncoding = 4; lastKnownFileType = sourcecode.c.objc; path = FileJSON.m; sourceTree = "<group>"; };
		CF195B121B847AD400003A2B /* FileDetailsTableViewCell.h */ = {isa = PBXFileReference; fileEncoding = 4; lastKnownFileType = sourcecode.c.h; path = FileDetailsTableViewCell.h; sourceTree = "<group>"; };
		CF195B131B847AD400003A2B /* FileDetailsTableViewCell.m */ = {isa = PBXFileReference; fileEncoding = 4; lastKnownFileType = sourcecode.c.objc; path = FileDetailsTableViewCell.m; sourceTree = "<group>"; };
		CF1A32651BAF38EB0080E8A5 /* CommentTableViewCell.h */ = {isa = PBXFileReference; fileEncoding = 4; lastKnownFileType = sourcecode.c.h; path = CommentTableViewCell.h; sourceTree = "<group>"; };
		CF1A32661BAF38EB0080E8A5 /* CommentTableViewCell.m */ = {isa = PBXFileReference; fileEncoding = 4; lastKnownFileType = sourcecode.c.objc; path = CommentTableViewCell.m; sourceTree = "<group>"; };
		CF38A2161BB051550035D321 /* CommentsTableViewController.h */ = {isa = PBXFileReference; fileEncoding = 4; lastKnownFileType = sourcecode.c.h; path = CommentsTableViewController.h; sourceTree = "<group>"; };
		CF38A2171BB051550035D321 /* CommentsTableViewController.m */ = {isa = PBXFileReference; fileEncoding = 4; lastKnownFileType = sourcecode.c.objc; path = CommentsTableViewController.m; sourceTree = "<group>"; };
		CF38A2191BB054D30035D321 /* Comment.h */ = {isa = PBXFileReference; fileEncoding = 4; lastKnownFileType = sourcecode.c.h; path = Comment.h; sourceTree = "<group>"; };
		CF38A21A1BB054D30035D321 /* Comment.m */ = {isa = PBXFileReference; fileEncoding = 4; lastKnownFileType = sourcecode.c.objc; path = Comment.m; sourceTree = "<group>"; };
		CF46F3BA1B9B460100E5D9AC /* NJOPasswordStrengthEvaluator.h */ = {isa = PBXFileReference; fileEncoding = 4; lastKnownFileType = sourcecode.c.h; path = NJOPasswordStrengthEvaluator.h; sourceTree = "<group>"; };
		CF46F3BB1B9B460100E5D9AC /* NJOPasswordStrengthEvaluator.m */ = {isa = PBXFileReference; fileEncoding = 4; lastKnownFileType = sourcecode.c.objc; path = NJOPasswordStrengthEvaluator.m; sourceTree = "<group>"; };
		CF47B1DE1B69F6ED00B7BDF3 /* SGKeychain.h */ = {isa = PBXFileReference; fileEncoding = 4; lastKnownFileType = sourcecode.c.h; path = SGKeychain.h; sourceTree = "<group>"; };
		CF47B1DF1B69F6ED00B7BDF3 /* SGKeychain.m */ = {isa = PBXFileReference; fileEncoding = 4; lastKnownFileType = sourcecode.c.objc; path = SGKeychain.m; sourceTree = "<group>"; };
		CF553CB31B695A2E00B2D6D8 /* User.h */ = {isa = PBXFileReference; fileEncoding = 4; lastKnownFileType = sourcecode.c.h; path = User.h; sourceTree = "<group>"; };
		CF553CB41B695A2E00B2D6D8 /* User.m */ = {isa = PBXFileReference; fileEncoding = 4; lastKnownFileType = sourcecode.c.objc; path = User.m; sourceTree = "<group>"; };
		CF56A0661B86F33D00B45A83 /* DownloadFilesViewController.h */ = {isa = PBXFileReference; fileEncoding = 4; lastKnownFileType = sourcecode.c.h; path = DownloadFilesViewController.h; sourceTree = "<group>"; };
		CF56A0671B86F33D00B45A83 /* DownloadFilesViewController.m */ = {isa = PBXFileReference; fileEncoding = 4; lastKnownFileType = sourcecode.c.objc; path = DownloadFilesViewController.m; sourceTree = "<group>"; };
		CF56A0691B86F3A100B45A83 /* DownloadFileTableViewCell.h */ = {isa = PBXFileReference; fileEncoding = 4; lastKnownFileType = sourcecode.c.h; path = DownloadFileTableViewCell.h; sourceTree = "<group>"; };
		CF56A06A1B86F3A100B45A83 /* DownloadFileTableViewCell.m */ = {isa = PBXFileReference; fileEncoding = 4; lastKnownFileType = sourcecode.c.objc; path = DownloadFileTableViewCell.m; sourceTree = "<group>"; };
		CF6599391B5BA536000AC0D7 /* Article.h */ = {isa = PBXFileReference; fileEncoding = 4; lastKnownFileType = sourcecode.c.h; path = Article.h; sourceTree = "<group>"; };
		CF65993A1B5BA536000AC0D7 /* Article.m */ = {isa = PBXFileReference; fileEncoding = 4; lastKnownFileType = sourcecode.c.objc; path = Article.m; sourceTree = "<group>"; };
		CF65993C1B5BA5A7000AC0D7 /* JSONModel.h */ = {isa = PBXFileReference; fileEncoding = 4; lastKnownFileType = sourcecode.c.h; path = JSONModel.h; sourceTree = "<group>"; };
		CF65993D1B5BA5A7000AC0D7 /* JSONModel.m */ = {isa = PBXFileReference; fileEncoding = 4; lastKnownFileType = sourcecode.c.objc; path = JSONModel.m; sourceTree = "<group>"; };
		CFA9E7A01B7D1BC700390843 /* CoreGraphics.framework */ = {isa = PBXFileReference; lastKnownFileType = wrapper.framework; name = CoreGraphics.framework; path = System/Library/Frameworks/CoreGraphics.framework; sourceTree = SDKROOT; };
		CFA9E7A21B7D1BCF00390843 /* UIKit.framework */ = {isa = PBXFileReference; lastKnownFileType = wrapper.framework; name = UIKit.framework; path = System/Library/Frameworks/UIKit.framework; sourceTree = SDKROOT; };
		CFA9E7A41B7D1C8900390843 /* MBProgressHUD.h */ = {isa = PBXFileReference; fileEncoding = 4; lastKnownFileType = sourcecode.c.h; path = MBProgressHUD.h; sourceTree = "<group>"; };
		CFA9E7A51B7D1C8900390843 /* MBProgressHUD.m */ = {isa = PBXFileReference; fileEncoding = 4; lastKnownFileType = sourcecode.c.objc; path = MBProgressHUD.m; sourceTree = "<group>"; };
		CFA9E7A81B7D212600390843 /* 37x-Checkmark.png */ = {isa = PBXFileReference; lastKnownFileType = image.png; path = "37x-Checkmark.png"; sourceTree = "<group>"; };
		CFA9E7A91B7D212600390843 /* 37x-Checkmark@2x.png */ = {isa = PBXFileReference; lastKnownFileType = image.png; path = "37x-Checkmark@2x.png"; sourceTree = "<group>"; };
		CFE608111B580F550038F4E4 /* drupal 8 logo CMYK 72.png */ = {isa = PBXFileReference; lastKnownFileType = image.png; path = "drupal 8 logo CMYK 72.png"; sourceTree = "<group>"; };
		CFE608121B580F550038F4E4 /* Testfile1.txt */ = {isa = PBXFileReference; fileEncoding = 4; lastKnownFileType = text; path = Testfile1.txt; sourceTree = "<group>"; };
		CFE608131B580F550038F4E4 /* Testfile2.txt */ = {isa = PBXFileReference; fileEncoding = 4; lastKnownFileType = text; path = Testfile2.txt; sourceTree = "<group>"; };
		CFE608141B580F550038F4E4 /* Testfile3.txt */ = {isa = PBXFileReference; fileEncoding = 4; lastKnownFileType = text; path = Testfile3.txt; sourceTree = "<group>"; };
		CFE608151B580F550038F4E4 /* Testfile4.txt */ = {isa = PBXFileReference; fileEncoding = 4; lastKnownFileType = text; path = Testfile4.txt; sourceTree = "<group>"; };
/* End PBXFileReference section */

/* Begin PBXFrameworksBuildPhase section */
		44CF1DDF1B51D97B00FC66EE /* Frameworks */ = {
			isa = PBXFrameworksBuildPhase;
			buildActionMask = 2147483647;
			files = (
				CFA9E7A31B7D1BCF00390843 /* UIKit.framework in Frameworks */,
				F5C84548F410DE342F4EE592 /* libPods.a in Frameworks */,
			);
			runOnlyForDeploymentPostprocessing = 0;
		};
		44CF1DFB1B51D97C00FC66EE /* Frameworks */ = {
			isa = PBXFrameworksBuildPhase;
			buildActionMask = 2147483647;
			files = (
			);
			runOnlyForDeploymentPostprocessing = 0;
		};
/* End PBXFrameworksBuildPhase section */

/* Begin PBXGroup section */
		24D3BCD0D0335F17AE413C26 /* Pods */ = {
			isa = PBXGroup;
			children = (
				779ED5E60D48423481D03CDC /* Pods.debug.xcconfig */,
				54A7EB5376FDEF676FC354FE /* Pods.release.xcconfig */,
			);
			name = Pods;
			sourceTree = "<group>";
		};
		44CF1DD91B51D97B00FC66EE = {
			isa = PBXGroup;
			children = (
				44CF1DE41B51D97B00FC66EE /* Drupal8iOS */,
				44CF1E011B51D97C00FC66EE /* Drupal8iOSTests */,
				44CF1DE31B51D97B00FC66EE /* Products */,
				24D3BCD0D0335F17AE413C26 /* Pods */,
				BB3E79CCE05F085402F44A0D /* Frameworks */,
			);
			sourceTree = "<group>";
		};
		44CF1DE31B51D97B00FC66EE /* Products */ = {
			isa = PBXGroup;
			children = (
				44CF1DE21B51D97B00FC66EE /* Drupal8iOS.app */,
				44CF1DFE1B51D97C00FC66EE /* Drupal8iOSTests.xctest */,
			);
			name = Products;
			sourceTree = "<group>";
		};
		44CF1DE41B51D97B00FC66EE /* Drupal8iOS */ = {
			isa = PBXGroup;
			children = (
				44CF1DF21B51D97C00FC66EE /* Main.storyboard */,
				44511BDA1B56E8440002A3CF /* Developer.h */,
				44CF1DE91B51D97C00FC66EE /* AppDelegate.h */,
				44CF1DEA1B51D97C00FC66EE /* AppDelegate.m */,
				44B8AF901BD4A4CA00CB17CE /* SetUpForDemo.h */,
				44B8AF911BD4A4CA00CB17CE /* SetUpForDemo.m */,
				44CF1DEC1B51D97C00FC66EE /* MasterViewController.h */,
				44CF1DED1B51D97C00FC66EE /* MasterViewController.m */,
				44CF1DEF1B51D97C00FC66EE /* DetailViewController.h */,
				44CF1DF01B51D97C00FC66EE /* DetailViewController.m */,
				CF6599371B5BA4D1000AC0D7 /* Drupal Functionalities */,
				CF6599381B5BA506000AC0D7 /* Model */,
				44E22ED71BD03EA700B4BC69 /* Third Party */,
				44CF1DE51B51D97B00FC66EE /* Supporting Files */,
				44CF1DF51B51D97C00FC66EE /* Images.xcassets */,
				44CF1DF71B51D97C00FC66EE /* LaunchScreen.xib */,
			);
			path = Drupal8iOS;
			sourceTree = "<group>";
		};
		44CF1DE51B51D97B00FC66EE /* Supporting Files */ = {
			isa = PBXGroup;
			children = (
				CFA9E7A81B7D212600390843 /* 37x-Checkmark.png */,
				CFA9E7A91B7D212600390843 /* 37x-Checkmark@2x.png */,
				4417362C1B570BD500C984B5 /* LICENSE.TXT */,
				CFE608111B580F550038F4E4 /* drupal 8 logo CMYK 72.png */,
				CFE608121B580F550038F4E4 /* Testfile1.txt */,
				CFE608131B580F550038F4E4 /* Testfile2.txt */,
				CFE608141B580F550038F4E4 /* Testfile3.txt */,
				CFE608151B580F550038F4E4 /* Testfile4.txt */,
				44CF1DE61B51D97B00FC66EE /* Info.plist */,
				44CF1DE71B51D97C00FC66EE /* main.m */,
			);
			name = "Supporting Files";
			sourceTree = "<group>";
		};
		44CF1E011B51D97C00FC66EE /* Drupal8iOSTests */ = {
			isa = PBXGroup;
			children = (
				44CF1E041B51D97C00FC66EE /* Drupal8iOSTests.m */,
				44CF1E021B51D97C00FC66EE /* Supporting Files */,
			);
			path = Drupal8iOSTests;
			sourceTree = "<group>";
		};
		44CF1E021B51D97C00FC66EE /* Supporting Files */ = {
			isa = PBXGroup;
			children = (
				44CF1E031B51D97C00FC66EE /* Info.plist */,
			);
			name = "Supporting Files";
			sourceTree = "<group>";
		};
		44E22ED71BD03EA700B4BC69 /* Third Party */ = {
			isa = PBXGroup;
			children = (
				44E22ED81BD03EEA00B4BC69 /* Apple Photos Library */,
				CFA9E7A71B7D1C9100390843 /* MBProgressHUD */,
				CF47B1E11B69F6F300B7BDF3 /* SGKeyChain */,
				CF46F3BD1B9B460E00E5D9AC /* Navajo */,
			);
			name = "Third Party";
			sourceTree = "<group>";
		};
		44E22ED81BD03EEA00B4BC69 /* Apple Photos Library */ = {
			isa = PBXGroup;
			children = (
				444511C61B541D63008B7E13 /* AAPLGridViewCell.h */,
				444511C71B541D63008B7E13 /* AAPLGridViewCell.m */,
				444511C31B541A7C008B7E13 /* AAPLAssetViewController.h */,
				444511C41B541A7C008B7E13 /* AAPLAssetViewController.m */,
				444511C01B541935008B7E13 /* AAPLAssetGridViewController.h */,
				444511C11B541935008B7E13 /* AAPLAssetGridViewController.m */,
				444511BD1B5417EB008B7E13 /* AAPLRootListViewController.h */,
				444511BE1B5417EB008B7E13 /* AAPLRootListViewController.m */,
			);
			name = "Apple Photos Library";
			sourceTree = "<group>";
		};
		BB3E79CCE05F085402F44A0D /* Frameworks */ = {
			isa = PBXGroup;
			children = (
				CFA9E7A21B7D1BCF00390843 /* UIKit.framework */,
				CFA9E7A01B7D1BC700390843 /* CoreGraphics.framework */,
				A6EA9BB3BED6B0F02536D693 /* libPods.a */,
			);
			name = Frameworks;
			sourceTree = "<group>";
		};
		CF46F3BD1B9B460E00E5D9AC /* Navajo */ = {
			isa = PBXGroup;
			children = (
				CF46F3BA1B9B460100E5D9AC /* NJOPasswordStrengthEvaluator.h */,
				CF46F3BB1B9B460100E5D9AC /* NJOPasswordStrengthEvaluator.m */,
			);
			name = Navajo;
			sourceTree = "<group>";
		};
		CF47B1E11B69F6F300B7BDF3 /* SGKeyChain */ = {
			isa = PBXGroup;
			children = (
				CF47B1DE1B69F6ED00B7BDF3 /* SGKeychain.h */,
				CF47B1DF1B69F6ED00B7BDF3 /* SGKeychain.m */,
			);
			name = SGKeyChain;
			sourceTree = "<group>";
		};
		CF6599371B5BA4D1000AC0D7 /* Drupal Functionalities */ = {
			isa = PBXGroup;
			children = (
				CF0A726F1BB809C400300569 /* AddCommentViewController.h */,
				CF0A72701BB809C400300569 /* AddCommentViewController.m */,
				44511BD61B56D8380002A3CF /* D8iOSUISplitViewController.h */,
				44511BD71B56D8380002A3CF /* D8iOSUISplitViewController.m */,
				441736321B579EDA00C984B5 /* ViewArticleViewController.m */,
				441736311B579ECA00C984B5 /* ViewArticleViewController.h */,
				4417362F1B579EB700C984B5 /* DeleteFileViewController.m */,
				4417362E1B579EAA00C984B5 /* DeleteFileViewController.h */,
				44511BDE1B56FFE20002A3CF /* DownloadPictureViewController.h */,
				44511BDF1B56FFE20002A3CF /* DownloadPictureViewController.m */,
				44511BD31B56B6670002A3CF /* DownloadPicturesViewController.h */,
				44511BD41B56B6670002A3CF /* DownloadPicturesViewController.m */,
				44CF1E141B524BA000FC66EE /* LoginViewController.h */,
				44CF1E151B524BA000FC66EE /* LoginViewController.m */,
				44CF1E171B524E2700FC66EE /* LogoutViewController.h */,
				44CF1E181B524E2700FC66EE /* LogoutViewController.m */,
				44CF1E1A1B5251FB00FC66EE /* ManageUserAccountViewController.h */,
				44CF1E1B1B5251FB00FC66EE /* ManageUserAccountViewController.m */,
				44CF1E111B523D5400FC66EE /* SetupDrupalAccountViewController.h */,
				44CF1E121B523D5400FC66EE /* SetupDrupalAccountViewController.m */,
				44CF1E0E1B51EAA700FC66EE /* SpecifyDrupalSiteViewController.h */,
				44CF1E0F1B51EAA700FC66EE /* SpecifyDrupalSiteViewController.m */,
				442BFDA41BFA4784009A2AA4 /* NotifyViewController.h */,
				442BFDA51BFA4784009A2AA4 /* NotifyViewController.m */,
				44CF1E231B52619100FC66EE /* UploadFileViewController.h */,
				44CF1E241B52619100FC66EE /* UploadFileViewController.m */,
				44511BDB1B56FF7B0002A3CF /* ViewArticlesTableViewController.h */,
				44511BDC1B56FF7B0002A3CF /* ViewArticlesTableViewController.m */,
				CF195B121B847AD400003A2B /* FileDetailsTableViewCell.h */,
				CF195B131B847AD400003A2B /* FileDetailsTableViewCell.m */,
				CF56A0661B86F33D00B45A83 /* DownloadFilesViewController.h */,
				CF56A0671B86F33D00B45A83 /* DownloadFilesViewController.m */,
				CF56A0691B86F3A100B45A83 /* DownloadFileTableViewCell.h */,
				CF56A06A1B86F3A100B45A83 /* DownloadFileTableViewCell.m */,
				CF1A32651BAF38EB0080E8A5 /* CommentTableViewCell.h */,
				CF1A32661BAF38EB0080E8A5 /* CommentTableViewCell.m */,
				CF38A2161BB051550035D321 /* CommentsTableViewController.h */,
				CF38A2171BB051550035D321 /* CommentsTableViewController.m */,
				44E22EDA1BD1D53E00B4BC69 /* D8iOS.h */,
				44E22EDB1BD1D53E00B4BC69 /* D8iOS.m */,
			);
			name = "Drupal Functionalities";
			sourceTree = "<group>";
		};
		CF6599381B5BA506000AC0D7 /* Model */ = {
			isa = PBXGroup;
			children = (
				CF553CB31B695A2E00B2D6D8 /* User.h */,
				CF553CB41B695A2E00B2D6D8 /* User.m */,
				CF6599391B5BA536000AC0D7 /* Article.h */,
				CF65993A1B5BA536000AC0D7 /* Article.m */,
				CF65993C1B5BA5A7000AC0D7 /* JSONModel.h */,
				CF65993D1B5BA5A7000AC0D7 /* JSONModel.m */,
				CF195B0F1B84778F00003A2B /* FileJSON.h */,
				CF195B101B84778F00003A2B /* FileJSON.m */,
				CF38A2191BB054D30035D321 /* Comment.h */,
				CF38A21A1BB054D30035D321 /* Comment.m */,
			);
			name = Model;
			sourceTree = "<group>";
		};
		CFA9E7A71B7D1C9100390843 /* MBProgressHUD */ = {
			isa = PBXGroup;
			children = (
				CFA9E7A41B7D1C8900390843 /* MBProgressHUD.h */,
				CFA9E7A51B7D1C8900390843 /* MBProgressHUD.m */,
			);
			name = MBProgressHUD;
			sourceTree = "<group>";
		};
/* End PBXGroup section */

/* Begin PBXNativeTarget section */
		44CF1DE11B51D97B00FC66EE /* Drupal8iOS */ = {
			isa = PBXNativeTarget;
			buildConfigurationList = 44CF1E081B51D97C00FC66EE /* Build configuration list for PBXNativeTarget "Drupal8iOS" */;
			buildPhases = (
				6294D2EE65D7BB940B5466B8 /* Check Pods Manifest.lock */,
				44CF1DDE1B51D97B00FC66EE /* Sources */,
				44CF1DDF1B51D97B00FC66EE /* Frameworks */,
				44CF1DE01B51D97B00FC66EE /* Resources */,
				909FA56247C33357E761FF7E /* Copy Pods Resources */,
			);
			buildRules = (
			);
			dependencies = (
			);
			name = Drupal8iOS;
			productName = Drupal8iOS;
			productReference = 44CF1DE21B51D97B00FC66EE /* Drupal8iOS.app */;
			productType = "com.apple.product-type.application";
		};
		44CF1DFD1B51D97C00FC66EE /* Drupal8iOSTests */ = {
			isa = PBXNativeTarget;
			buildConfigurationList = 44CF1E0B1B51D97C00FC66EE /* Build configuration list for PBXNativeTarget "Drupal8iOSTests" */;
			buildPhases = (
				44CF1DFA1B51D97C00FC66EE /* Sources */,
				44CF1DFB1B51D97C00FC66EE /* Frameworks */,
				44CF1DFC1B51D97C00FC66EE /* Resources */,
			);
			buildRules = (
			);
			dependencies = (
				44CF1E001B51D97C00FC66EE /* PBXTargetDependency */,
			);
			name = Drupal8iOSTests;
			productName = Drupal8iOSTests;
			productReference = 44CF1DFE1B51D97C00FC66EE /* Drupal8iOSTests.xctest */;
			productType = "com.apple.product-type.bundle.unit-test";
		};
/* End PBXNativeTarget section */

/* Begin PBXProject section */
		44CF1DDA1B51D97B00FC66EE /* Project object */ = {
			isa = PBXProject;
			attributes = {
				LastUpgradeCheck = 0640;
				ORGANIZATIONNAME = PikLips;
				TargetAttributes = {
					44CF1DE11B51D97B00FC66EE = {
						CreatedOnToolsVersion = 6.4;
						DevelopmentTeam = 8J8REM2WXT;
					};
					44CF1DFD1B51D97C00FC66EE = {
						CreatedOnToolsVersion = 6.4;
						TestTargetID = 44CF1DE11B51D97B00FC66EE;
					};
				};
			};
			buildConfigurationList = 44CF1DDD1B51D97B00FC66EE /* Build configuration list for PBXProject "Drupal8iOS" */;
			compatibilityVersion = "Xcode 3.2";
			developmentRegion = English;
			hasScannedForEncodings = 0;
			knownRegions = (
				en,
				Base,
			);
			mainGroup = 44CF1DD91B51D97B00FC66EE;
			productRefGroup = 44CF1DE31B51D97B00FC66EE /* Products */;
			projectDirPath = "";
			projectRoot = "";
			targets = (
				44CF1DE11B51D97B00FC66EE /* Drupal8iOS */,
				44CF1DFD1B51D97C00FC66EE /* Drupal8iOSTests */,
			);
		};
/* End PBXProject section */

/* Begin PBXResourcesBuildPhase section */
		44CF1DE01B51D97B00FC66EE /* Resources */ = {
			isa = PBXResourcesBuildPhase;
			buildActionMask = 2147483647;
			files = (
				4417362D1B570BD500C984B5 /* LICENSE.TXT in Resources */,
				44CF1DF41B51D97C00FC66EE /* Main.storyboard in Resources */,
				CFA9E7AB1B7D212600390843 /* 37x-Checkmark@2x.png in Resources */,
				44CF1DF91B51D97C00FC66EE /* LaunchScreen.xib in Resources */,
				CFE608171B580F550038F4E4 /* Testfile1.txt in Resources */,
				CFA9E7AA1B7D212600390843 /* 37x-Checkmark.png in Resources */,
				CFE6081A1B580F550038F4E4 /* Testfile4.txt in Resources */,
				CFE608181B580F550038F4E4 /* Testfile2.txt in Resources */,
				CFE608191B580F550038F4E4 /* Testfile3.txt in Resources */,
				CFE608161B580F550038F4E4 /* drupal 8 logo CMYK 72.png in Resources */,
				44CF1DF61B51D97C00FC66EE /* Images.xcassets in Resources */,
			);
			runOnlyForDeploymentPostprocessing = 0;
		};
		44CF1DFC1B51D97C00FC66EE /* Resources */ = {
			isa = PBXResourcesBuildPhase;
			buildActionMask = 2147483647;
			files = (
			);
			runOnlyForDeploymentPostprocessing = 0;
		};
/* End PBXResourcesBuildPhase section */

/* Begin PBXShellScriptBuildPhase section */
		6294D2EE65D7BB940B5466B8 /* Check Pods Manifest.lock */ = {
			isa = PBXShellScriptBuildPhase;
			buildActionMask = 2147483647;
			files = (
			);
			inputPaths = (
			);
			name = "Check Pods Manifest.lock";
			outputPaths = (
			);
			runOnlyForDeploymentPostprocessing = 0;
			shellPath = /bin/sh;
			shellScript = "diff \"${PODS_ROOT}/../Podfile.lock\" \"${PODS_ROOT}/Manifest.lock\" > /dev/null\nif [[ $? != 0 ]] ; then\n    cat << EOM\nerror: The sandbox is not in sync with the Podfile.lock. Run 'pod install' or update your CocoaPods installation.\nEOM\n    exit 1\nfi\n";
			showEnvVarsInLog = 0;
		};
		909FA56247C33357E761FF7E /* Copy Pods Resources */ = {
			isa = PBXShellScriptBuildPhase;
			buildActionMask = 2147483647;
			files = (
			);
			inputPaths = (
			);
			name = "Copy Pods Resources";
			outputPaths = (
			);
			runOnlyForDeploymentPostprocessing = 0;
			shellPath = /bin/sh;
			shellScript = "\"${SRCROOT}/Pods/Target Support Files/Pods/Pods-resources.sh\"\n";
			showEnvVarsInLog = 0;
		};
/* End PBXShellScriptBuildPhase section */

/* Begin PBXSourcesBuildPhase section */
		44CF1DDE1B51D97B00FC66EE /* Sources */ = {
			isa = PBXSourcesBuildPhase;
			buildActionMask = 2147483647;
			files = (
				CF553CB51B695A2E00B2D6D8 /* User.m in Sources */,
				44CF1DEB1B51D97C00FC66EE /* AppDelegate.m in Sources */,
				44CF1DEE1B51D97C00FC66EE /* MasterViewController.m in Sources */,
				CF56A06B1B86F3A100B45A83 /* DownloadFileTableViewCell.m in Sources */,
				44CF1E251B52619100FC66EE /* UploadFileViewController.m in Sources */,
				444511C51B541A7C008B7E13 /* AAPLAssetViewController.m in Sources */,
				CF0A72711BB809C400300569 /* AddCommentViewController.m in Sources */,
				44CF1E191B524E2700FC66EE /* LogoutViewController.m in Sources */,
				CF1A32671BAF38EB0080E8A5 /* CommentTableViewCell.m in Sources */,
				441736331B579EDA00C984B5 /* ViewArticleViewController.m in Sources */,
				444511C21B541935008B7E13 /* AAPLAssetGridViewController.m in Sources */,
				441736301B579EB700C984B5 /* DeleteFileViewController.m in Sources */,
				44CF1E131B523D5400FC66EE /* SetupDrupalAccountViewController.m in Sources */,
				CF195B141B847AD400003A2B /* FileDetailsTableViewCell.m in Sources */,
				44CF1DE81B51D97C00FC66EE /* main.m in Sources */,
				CF38A2181BB051550035D321 /* CommentsTableViewController.m in Sources */,
				44511BD81B56D8380002A3CF /* D8iOSUISplitViewController.m in Sources */,
				CFA9E7A61B7D1C8900390843 /* MBProgressHUD.m in Sources */,
				44B8AF921BD4A4CA00CB17CE /* SetUpForDemo.m in Sources */,
				CF65993B1B5BA536000AC0D7 /* Article.m in Sources */,
				444511BF1B5417EB008B7E13 /* AAPLRootListViewController.m in Sources */,
				44E22EDC1BD1D53E00B4BC69 /* D8iOS.m in Sources */,
				44CF1E161B524BA000FC66EE /* LoginViewController.m in Sources */,
				CF38A21B1BB054D30035D321 /* Comment.m in Sources */,
				CF56A0681B86F33D00B45A83 /* DownloadFilesViewController.m in Sources */,
				44511BD51B56B6670002A3CF /* DownloadPicturesViewController.m in Sources */,
				CF195B111B84778F00003A2B /* FileJSON.m in Sources */,
				444511C81B541D63008B7E13 /* AAPLGridViewCell.m in Sources */,
				44CF1DF11B51D97C00FC66EE /* DetailViewController.m in Sources */,
				442BFDA61BFA4784009A2AA4 /* NotifyViewController.m in Sources */,
				CF46F3BC1B9B460200E5D9AC /* NJOPasswordStrengthEvaluator.m in Sources */,
				CF65993E1B5BA5A7000AC0D7 /* JSONModel.m in Sources */,
				44CF1E101B51EAA700FC66EE /* SpecifyDrupalSiteViewController.m in Sources */,
				44CF1E1C1B5251FB00FC66EE /* ManageUserAccountViewController.m in Sources */,
				CF47B1E01B69F6ED00B7BDF3 /* SGKeychain.m in Sources */,
				44511BDD1B56FF7B0002A3CF /* ViewArticlesTableViewController.m in Sources */,
				44511BE01B56FFE20002A3CF /* DownloadPictureViewController.m in Sources */,
			);
			runOnlyForDeploymentPostprocessing = 0;
		};
		44CF1DFA1B51D97C00FC66EE /* Sources */ = {
			isa = PBXSourcesBuildPhase;
			buildActionMask = 2147483647;
			files = (
				44CF1E051B51D97C00FC66EE /* Drupal8iOSTests.m in Sources */,
			);
			runOnlyForDeploymentPostprocessing = 0;
		};
/* End PBXSourcesBuildPhase section */

/* Begin PBXTargetDependency section */
		44CF1E001B51D97C00FC66EE /* PBXTargetDependency */ = {
			isa = PBXTargetDependency;
			target = 44CF1DE11B51D97B00FC66EE /* Drupal8iOS */;
			targetProxy = 44CF1DFF1B51D97C00FC66EE /* PBXContainerItemProxy */;
		};
/* End PBXTargetDependency section */

/* Begin PBXVariantGroup section */
		44CF1DF21B51D97C00FC66EE /* Main.storyboard */ = {
			isa = PBXVariantGroup;
			children = (
				44CF1DF31B51D97C00FC66EE /* Base */,
			);
			name = Main.storyboard;
			sourceTree = "<group>";
		};
		44CF1DF71B51D97C00FC66EE /* LaunchScreen.xib */ = {
			isa = PBXVariantGroup;
			children = (
				44CF1DF81B51D97C00FC66EE /* Base */,
			);
			name = LaunchScreen.xib;
			sourceTree = "<group>";
		};
/* End PBXVariantGroup section */

/* Begin XCBuildConfiguration section */
		44CF1E061B51D97C00FC66EE /* Debug */ = {
			isa = XCBuildConfiguration;
			buildSettings = {
				ALWAYS_SEARCH_USER_PATHS = NO;
				CLANG_CXX_LANGUAGE_STANDARD = "gnu++0x";
				CLANG_CXX_LIBRARY = "libc++";
				CLANG_ENABLE_MODULES = YES;
				CLANG_ENABLE_OBJC_ARC = YES;
				CLANG_WARN_BOOL_CONVERSION = YES;
				CLANG_WARN_CONSTANT_CONVERSION = YES;
				CLANG_WARN_DIRECT_OBJC_ISA_USAGE = YES_ERROR;
				CLANG_WARN_EMPTY_BODY = YES;
				CLANG_WARN_ENUM_CONVERSION = YES;
				CLANG_WARN_INT_CONVERSION = YES;
				CLANG_WARN_OBJC_ROOT_CLASS = YES_ERROR;
				CLANG_WARN_UNREACHABLE_CODE = YES;
				CLANG_WARN__DUPLICATE_METHOD_MATCH = YES;
				"CODE_SIGN_IDENTITY[sdk=iphoneos*]" = "iPhone Developer";
				COPY_PHASE_STRIP = NO;
				DEBUG_INFORMATION_FORMAT = "dwarf-with-dsym";
				ENABLE_STRICT_OBJC_MSGSEND = YES;
				GCC_C_LANGUAGE_STANDARD = gnu99;
				GCC_DYNAMIC_NO_PIC = NO;
				GCC_NO_COMMON_BLOCKS = YES;
				GCC_OPTIMIZATION_LEVEL = 0;
				GCC_PREPROCESSOR_DEFINITIONS = (
					"DEBUG=1",
					"$(inherited)",
				);
				GCC_SYMBOLS_PRIVATE_EXTERN = NO;
				GCC_WARN_64_TO_32_BIT_CONVERSION = YES;
				GCC_WARN_ABOUT_RETURN_TYPE = YES_ERROR;
				GCC_WARN_UNDECLARED_SELECTOR = YES;
				GCC_WARN_UNINITIALIZED_AUTOS = YES_AGGRESSIVE;
				GCC_WARN_UNUSED_FUNCTION = YES;
				GCC_WARN_UNUSED_VARIABLE = YES;
				IPHONEOS_DEPLOYMENT_TARGET = 8.4;
				MTL_ENABLE_DEBUG_INFO = YES;
				ONLY_ACTIVE_ARCH = YES;
				SDKROOT = iphoneos;
				TARGETED_DEVICE_FAMILY = "1,2";
			};
			name = Debug;
		};
		44CF1E071B51D97C00FC66EE /* Release */ = {
			isa = XCBuildConfiguration;
			buildSettings = {
				ALWAYS_SEARCH_USER_PATHS = NO;
				CLANG_CXX_LANGUAGE_STANDARD = "gnu++0x";
				CLANG_CXX_LIBRARY = "libc++";
				CLANG_ENABLE_MODULES = YES;
				CLANG_ENABLE_OBJC_ARC = YES;
				CLANG_WARN_BOOL_CONVERSION = YES;
				CLANG_WARN_CONSTANT_CONVERSION = YES;
				CLANG_WARN_DIRECT_OBJC_ISA_USAGE = YES_ERROR;
				CLANG_WARN_EMPTY_BODY = YES;
				CLANG_WARN_ENUM_CONVERSION = YES;
				CLANG_WARN_INT_CONVERSION = YES;
				CLANG_WARN_OBJC_ROOT_CLASS = YES_ERROR;
				CLANG_WARN_UNREACHABLE_CODE = YES;
				CLANG_WARN__DUPLICATE_METHOD_MATCH = YES;
				"CODE_SIGN_IDENTITY[sdk=iphoneos*]" = "iPhone Developer";
				COPY_PHASE_STRIP = NO;
				DEBUG_INFORMATION_FORMAT = "dwarf-with-dsym";
				ENABLE_NS_ASSERTIONS = NO;
				ENABLE_STRICT_OBJC_MSGSEND = YES;
				GCC_C_LANGUAGE_STANDARD = gnu99;
				GCC_NO_COMMON_BLOCKS = YES;
				GCC_WARN_64_TO_32_BIT_CONVERSION = YES;
				GCC_WARN_ABOUT_RETURN_TYPE = YES_ERROR;
				GCC_WARN_UNDECLARED_SELECTOR = YES;
				GCC_WARN_UNINITIALIZED_AUTOS = YES_AGGRESSIVE;
				GCC_WARN_UNUSED_FUNCTION = YES;
				GCC_WARN_UNUSED_VARIABLE = YES;
				IPHONEOS_DEPLOYMENT_TARGET = 8.4;
				MTL_ENABLE_DEBUG_INFO = NO;
				SDKROOT = iphoneos;
				TARGETED_DEVICE_FAMILY = "1,2";
				VALIDATE_PRODUCT = YES;
			};
			name = Release;
		};
		44CF1E091B51D97C00FC66EE /* Debug */ = {
			isa = XCBuildConfiguration;
			baseConfigurationReference = 779ED5E60D48423481D03CDC /* Pods.debug.xcconfig */;
			buildSettings = {
				ASSETCATALOG_COMPILER_APPICON_NAME = AppIcon;
				CODE_SIGN_IDENTITY = "iPhone Developer";
				"CODE_SIGN_IDENTITY[sdk=iphoneos*]" = "iPhone Developer";
				INFOPLIST_FILE = Drupal8iOS/Info.plist;
				IPHONEOS_DEPLOYMENT_TARGET = 8.0;
				LD_RUNPATH_SEARCH_PATHS = "$(inherited) @executable_path/Frameworks";
				PRODUCT_NAME = "$(TARGET_NAME)";
				PROVISIONING_PROFILE = "";
			};
			name = Debug;
		};
		44CF1E0A1B51D97C00FC66EE /* Release */ = {
			isa = XCBuildConfiguration;
			baseConfigurationReference = 54A7EB5376FDEF676FC354FE /* Pods.release.xcconfig */;
			buildSettings = {
				ASSETCATALOG_COMPILER_APPICON_NAME = AppIcon;
				CODE_SIGN_IDENTITY = "iPhone Developer";
				"CODE_SIGN_IDENTITY[sdk=iphoneos*]" = "iPhone Developer";
				INFOPLIST_FILE = Drupal8iOS/Info.plist;
				IPHONEOS_DEPLOYMENT_TARGET = 8.0;
				LD_RUNPATH_SEARCH_PATHS = "$(inherited) @executable_path/Frameworks";
				PRODUCT_NAME = "$(TARGET_NAME)";
				PROVISIONING_PROFILE = "";
			};
			name = Release;
		};
		44CF1E0C1B51D97C00FC66EE /* Debug */ = {
			isa = XCBuildConfiguration;
			buildSettings = {
				BUNDLE_LOADER = "$(TEST_HOST)";
				FRAMEWORK_SEARCH_PATHS = (
					"$(SDKROOT)/Developer/Library/Frameworks",
					"$(inherited)",
				);
				GCC_PREPROCESSOR_DEFINITIONS = (
					"DEBUG=1",
					"$(inherited)",
				);
				INFOPLIST_FILE = Drupal8iOSTests/Info.plist;
				LD_RUNPATH_SEARCH_PATHS = "$(inherited) @executable_path/Frameworks @loader_path/Frameworks";
				PRODUCT_NAME = "$(TARGET_NAME)";
				TEST_HOST = "$(BUILT_PRODUCTS_DIR)/Drupal8iOS.app/Drupal8iOS";
			};
			name = Debug;
		};
		44CF1E0D1B51D97C00FC66EE /* Release */ = {
			isa = XCBuildConfiguration;
			buildSettings = {
				BUNDLE_LOADER = "$(TEST_HOST)";
				FRAMEWORK_SEARCH_PATHS = (
					"$(SDKROOT)/Developer/Library/Frameworks",
					"$(inherited)",
				);
				INFOPLIST_FILE = Drupal8iOSTests/Info.plist;
				LD_RUNPATH_SEARCH_PATHS = "$(inherited) @executable_path/Frameworks @loader_path/Frameworks";
				PRODUCT_NAME = "$(TARGET_NAME)";
				TEST_HOST = "$(BUILT_PRODUCTS_DIR)/Drupal8iOS.app/Drupal8iOS";
			};
			name = Release;
		};
/* End XCBuildConfiguration section */

/* Begin XCConfigurationList section */
		44CF1DDD1B51D97B00FC66EE /* Build configuration list for PBXProject "Drupal8iOS" */ = {
			isa = XCConfigurationList;
			buildConfigurations = (
				44CF1E061B51D97C00FC66EE /* Debug */,
				44CF1E071B51D97C00FC66EE /* Release */,
			);
			defaultConfigurationIsVisible = 0;
			defaultConfigurationName = Release;
		};
		44CF1E081B51D97C00FC66EE /* Build configuration list for PBXNativeTarget "Drupal8iOS" */ = {
			isa = XCConfigurationList;
			buildConfigurations = (
				44CF1E091B51D97C00FC66EE /* Debug */,
				44CF1E0A1B51D97C00FC66EE /* Release */,
			);
			defaultConfigurationIsVisible = 0;
			defaultConfigurationName = Release;
		};
		44CF1E0B1B51D97C00FC66EE /* Build configuration list for PBXNativeTarget "Drupal8iOSTests" */ = {
			isa = XCConfigurationList;
			buildConfigurations = (
				44CF1E0C1B51D97C00FC66EE /* Debug */,
				44CF1E0D1B51D97C00FC66EE /* Release */,
			);
			defaultConfigurationIsVisible = 0;
			defaultConfigurationName = Release;
		};
/* End XCConfigurationList section */
	};
	rootObject = 44CF1DDA1B51D97B00FC66EE /* Project object */;
}
